
Microsoft Visual Studio Solution File, Format Version 12.00
# Visual Studio 14
VisualStudioVersion = 14.0.24720.0
MinimumVisualStudioVersion = 10.0.40219.1
Project("{FAE04EC0-301F-11D3-BF4B-00C04F79EFBC}") = "babysitter_kata", "babysitter_kata\babysitter_kata.csproj", "{159CAA6C-967B-4B20-8D36-FDEE140BA2F4}"
EndProject
Project("{FAE04EC0-301F-11D3-BF4B-00C04F79EFBC}") = "babysitter_kataTest", "babysitter_kataTest\babysitter_kataTest.csproj", "{B1AF91F4-723B-4E16-86C3-DC25931DACCE}"
EndProject
Global
	GlobalSection(SolutionConfigurationPlatforms) = preSolution
		Debug|Any CPU = Debug|Any CPU
		Release|Any CPU = Release|Any CPU
	EndGlobalSection
	GlobalSection(ProjectConfigurationPlatforms) = postSolution
		{159CAA6C-967B-4B20-8D36-FDEE140BA2F4}.Debug|Any CPU.ActiveCfg = Debug|Any CPU
		{159CAA6C-967B-4B20-8D36-FDEE140BA2F4}.Debug|Any CPU.Build.0 = Debug|Any CPU
		{159CAA6C-967B-4B20-8D36-FDEE140BA2F4}.Release|Any CPU.ActiveCfg = Release|Any CPU
		{159CAA6C-967B-4B20-8D36-FDEE140BA2F4}.Release|Any CPU.Build.0 = Release|Any CPU
		{B1AF91F4-723B-4E16-86C3-DC25931DACCE}.Debug|Any CPU.ActiveCfg = Debug|Any CPU
		{B1AF91F4-723B-4E16-86C3-DC25931DACCE}.Debug|Any CPU.Build.0 = Debug|Any CPU
		{B1AF91F4-723B-4E16-86C3-DC25931DACCE}.Release|Any CPU.ActiveCfg = Release|Any CPU
		{B1AF91F4-723B-4E16-86C3-DC25931DACCE}.Release|Any CPU.Build.0 = Release|Any CPU
	EndGlobalSection
	GlobalSection(SolutionProperties) = preSolution
		HideSolutionNode = FALSE
	EndGlobalSection
EndGlobal
